
Microsoft Visual Studio Solution File, Format Version 12.00
# Visual Studio Version 16
VisualStudioVersion = 16.0.30225.117
MinimumVisualStudioVersion = 10.0.40219.1
Project("{9A19103F-16F7-4668-BE54-9A1E7A4F7556}") = "OverWorkApi", "ApiTest\OverWorkApi.csproj", "{C831CA16-9EF9-46D2-BB5A-670E45EBB97E}"
EndProject
Project("{9A19103F-16F7-4668-BE54-9A1E7A4F7556}") = "ApiTestTest", "ApiTestTest\ApiTestTest.csproj", "{BDACDEBD-3770-41E4-B3E3-35D9E5C56257}"
EndProject
Project("{FAE04EC0-301F-11D3-BF4B-00C04F79EFBC}") = "WebClient", "WebClient\WebClient.csproj", "{2D47A3C9-CEBD-40A4-A7BD-C63FAA877E39}"
EndProject
Global
	GlobalSection(SolutionConfigurationPlatforms) = preSolution
		Debug|Any CPU = Debug|Any CPU
		Release|Any CPU = Release|Any CPU
	EndGlobalSection
	GlobalSection(ProjectConfigurationPlatforms) = postSolution
		{C831CA16-9EF9-46D2-BB5A-670E45EBB97E}.Debug|Any CPU.ActiveCfg = Debug|Any CPU
		{C831CA16-9EF9-46D2-BB5A-670E45EBB97E}.Debug|Any CPU.Build.0 = Debug|Any CPU
		{C831CA16-9EF9-46D2-BB5A-670E45EBB97E}.Release|Any CPU.ActiveCfg = Release|Any CPU
		{C831CA16-9EF9-46D2-BB5A-670E45EBB97E}.Release|Any CPU.Build.0 = Release|Any CPU
		{BDACDEBD-3770-41E4-B3E3-35D9E5C56257}.Debug|Any CPU.ActiveCfg = Debug|Any CPU
		{BDACDEBD-3770-41E4-B3E3-35D9E5C56257}.Debug|Any CPU.Build.0 = Debug|Any CPU
		{BDACDEBD-3770-41E4-B3E3-35D9E5C56257}.Release|Any CPU.ActiveCfg = Release|Any CPU
		{BDACDEBD-3770-41E4-B3E3-35D9E5C56257}.Release|Any CPU.Build.0 = Release|Any CPU
		{2D47A3C9-CEBD-40A4-A7BD-C63FAA877E39}.Debug|Any CPU.ActiveCfg = Debug|Any CPU
		{2D47A3C9-CEBD-40A4-A7BD-C63FAA877E39}.Debug|Any CPU.Build.0 = Debug|Any CPU
		{2D47A3C9-CEBD-40A4-A7BD-C63FAA877E39}.Release|Any CPU.ActiveCfg = Release|Any CPU
		{2D47A3C9-CEBD-40A4-A7BD-C63FAA877E39}.Release|Any CPU.Build.0 = Release|Any CPU
	EndGlobalSection
	GlobalSection(SolutionProperties) = preSolution
		HideSolutionNode = FALSE
	EndGlobalSection
	GlobalSection(ExtensibilityGlobals) = postSolution
		SolutionGuid = {FE1D6CA4-2565-4557-B582-D0B9495C6ADB}
	EndGlobalSection
EndGlobal
